// !$*UTF8*$!
{
	archiveVersion = 1;
	classes = {
	};
	objectVersion = 56;
	objects = {

/* Begin PBXBuildFile section */
		27CD9183293604A100100084 /* SceneDelegate.m in Sources */ = {isa = PBXBuildFile; fileRef = 27CD9182293604A100100084 /* SceneDelegate.m */; };
		27CD9189293604A100100084 /* Main.storyboard in Resources */ = {isa = PBXBuildFile; fileRef = 27CD9187293604A100100084 /* Main.storyboard */; };
		27CD918B293604A200100084 /* Assets.xcassets in Resources */ = {isa = PBXBuildFile; fileRef = 27CD918A293604A200100084 /* Assets.xcassets */; };
		27CD918E293604A200100084 /* LaunchScreen.storyboard in Resources */ = {isa = PBXBuildFile; fileRef = 27CD918C293604A200100084 /* LaunchScreen.storyboard */; };
		27CD9191293604A200100084 /* main.m in Sources */ = {isa = PBXBuildFile; fileRef = 27CD9190293604A200100084 /* main.m */; };
		27CD9198293604D100100084 /* ViewController.mm in Sources */ = {isa = PBXBuildFile; fileRef = 27CD9197293604D100100084 /* ViewController.mm */; };
		27CD919A293604D900100084 /* AppDelegate.mm in Sources */ = {isa = PBXBuildFile; fileRef = 27CD9199293604D900100084 /* AppDelegate.mm */; };
		27CD919E293605EC00100084 /* GiPStechSDK.framework in Frameworks */ = {isa = PBXBuildFile; fileRef = 27CD919D293605EB00100084 /* GiPStechSDK.framework */; };
		27CD919F293605EC00100084 /* GiPStechSDK.framework in Embed Frameworks */ = {isa = PBXBuildFile; fileRef = 27CD919D293605EB00100084 /* GiPStechSDK.framework */; settings = {ATTRIBUTES = (CodeSignOnCopy, RemoveHeadersOnCopy, ); }; };
/* End PBXBuildFile section */

/* Begin PBXCopyFilesBuildPhase section */
		27CD91A0293605EC00100084 /* Embed Frameworks */ = {
			isa = PBXCopyFilesBuildPhase;
			buildActionMask = 2147483647;
			dstPath = "";
			dstSubfolderSpec = 10;
			files = (
				27CD919F293605EC00100084 /* GiPStechSDK.framework in Embed Frameworks */,
			);
			name = "Embed Frameworks";
			runOnlyForDeploymentPostprocessing = 0;
		};
/* End PBXCopyFilesBuildPhase section */

/* Begin PBXFileReference section */
		27CD917B293604A100100084 /* UniversalLocationExample.app */ = {isa = PBXFileReference; explicitFileType = wrapper.application; includeInIndex = 0; path = UniversalLocationExample.app; sourceTree = BUILT_PRODUCTS_DIR; };
		27CD917E293604A100100084 /* AppDelegate.h */ = {isa = PBXFileReference; lastKnownFileType = sourcecode.c.h; path = AppDelegate.h; sourceTree = "<group>"; };
		27CD9181293604A100100084 /* SceneDelegate.h */ = {isa = PBXFileReference; lastKnownFileType = sourcecode.c.h; path = SceneDelegate.h; sourceTree = "<group>"; };
		27CD9182293604A100100084 /* SceneDelegate.m */ = {isa = PBXFileReference; lastKnownFileType = sourcecode.c.objc; path = SceneDelegate.m; sourceTree = "<group>"; };
		27CD9184293604A100100084 /* ViewController.h */ = {isa = PBXFileReference; lastKnownFileType = sourcecode.c.h; path = ViewController.h; sourceTree = "<group>"; };
		27CD9188293604A100100084 /* Base */ = {isa = PBXFileReference; lastKnownFileType = file.storyboard; name = Base; path = Base.lproj/Main.storyboard; sourceTree = "<group>"; };
		27CD918A293604A200100084 /* Assets.xcassets */ = {isa = PBXFileReference; lastKnownFileType = folder.assetcatalog; path = Assets.xcassets; sourceTree = "<group>"; };
		27CD918D293604A200100084 /* Base */ = {isa = PBXFileReference; lastKnownFileType = file.storyboard; name = Base; path = Base.lproj/LaunchScreen.storyboard; sourceTree = "<group>"; };
		27CD918F293604A200100084 /* Info.plist */ = {isa = PBXFileReference; lastKnownFileType = text.plist.xml; path = Info.plist; sourceTree = "<group>"; };
		27CD9190293604A200100084 /* main.m */ = {isa = PBXFileReference; lastKnownFileType = sourcecode.c.objc; path = main.m; sourceTree = "<group>"; };
		27CD9197293604D100100084 /* ViewController.mm */ = {isa = PBXFileReference; fileEncoding = 4; lastKnownFileType = sourcecode.cpp.objcpp; path = ViewController.mm; sourceTree = "<group>"; };
		27CD9199293604D900100084 /* AppDelegate.mm */ = {isa = PBXFileReference; fileEncoding = 4; lastKnownFileType = sourcecode.cpp.objcpp; path = AppDelegate.mm; sourceTree = "<group>"; };
		27CD919B2936059300100084 /* LocationListener.hpp */ = {isa = PBXFileReference; lastKnownFileType = sourcecode.cpp.h; path = LocationListener.hpp; sourceTree = "<group>"; };
		27CD919D293605EB00100084 /* GiPStechSDK.framework */ = {isa = PBXFileReference; lastKnownFileType = wrapper.framework; path = GiPStechSDK.framework; sourceTree = "<group>"; };
/* End PBXFileReference section */

/* Begin PBXFrameworksBuildPhase section */
		27CD9178293604A100100084 /* Frameworks */ = {
			isa = PBXFrameworksBuildPhase;
			buildActionMask = 2147483647;
			files = (
				27CD919E293605EC00100084 /* GiPStechSDK.framework in Frameworks */,
			);
			runOnlyForDeploymentPostprocessing = 0;
		};
/* End PBXFrameworksBuildPhase section */

/* Begin PBXGroup section */
		27CD9172293604A100100084 = {
			isa = PBXGroup;
			children = (
				27CD917D293604A100100084 /* UniversalLocationExample */,
				27CD917C293604A100100084 /* Products */,
				27CD919C293605EB00100084 /* Frameworks */,
			);
			sourceTree = "<group>";
		};
		27CD917C293604A100100084 /* Products */ = {
			isa = PBXGroup;
			children = (
				27CD917B293604A100100084 /* UniversalLocationExample.app */,
			);
			name = Products;
			sourceTree = "<group>";
		};
		27CD917D293604A100100084 /* UniversalLocationExample */ = {
			isa = PBXGroup;
			children = (
				27CD917E293604A100100084 /* AppDelegate.h */,
				27CD9199293604D900100084 /* AppDelegate.mm */,
				27CD9181293604A100100084 /* SceneDelegate.h */,
				27CD9182293604A100100084 /* SceneDelegate.m */,
				27CD9184293604A100100084 /* ViewController.h */,
				27CD9197293604D100100084 /* ViewController.mm */,
				27CD919B2936059300100084 /* LocationListener.hpp */,
				27CD9187293604A100100084 /* Main.storyboard */,
				27CD918A293604A200100084 /* Assets.xcassets */,
				27CD918C293604A200100084 /* LaunchScreen.storyboard */,
				27CD918F293604A200100084 /* Info.plist */,
				27CD9190293604A200100084 /* main.m */,
			);
			path = UniversalLocationExample;
			sourceTree = "<group>";
		};
		27CD919C293605EB00100084 /* Frameworks */ = {
			isa = PBXGroup;
			children = (
				27CD919D293605EB00100084 /* GiPStechSDK.framework */,
			);
			name = Frameworks;
			sourceTree = "<group>";
		};
/* End PBXGroup section */

/* Begin PBXNativeTarget section */
		27CD917A293604A100100084 /* UniversalLocationExample */ = {
			isa = PBXNativeTarget;
			buildConfigurationList = 27CD9194293604A200100084 /* Build configuration list for PBXNativeTarget "UniversalLocationExample" */;
			buildPhases = (
				27CD9177293604A100100084 /* Sources */,
				27CD9178293604A100100084 /* Frameworks */,
				27CD9179293604A100100084 /* Resources */,
				27CD91A0293605EC00100084 /* Embed Frameworks */,
			);
			buildRules = (
			);
			dependencies = (
			);
			name = UniversalLocationExample;
			productName = UniversalLocationExample;
			productReference = 27CD917B293604A100100084 /* UniversalLocationExample.app */;
			productType = "com.apple.product-type.application";
		};
/* End PBXNativeTarget section */

/* Begin PBXProject section */
		27CD9173293604A100100084 /* Project object */ = {
			isa = PBXProject;
			attributes = {
				BuildIndependentTargetsInParallel = 1;
				LastUpgradeCheck = 1410;
				TargetAttributes = {
					27CD917A293604A100100084 = {
						CreatedOnToolsVersion = 14.1;
					};
				};
			};
			buildConfigurationList = 27CD9176293604A100100084 /* Build configuration list for PBXProject "UniversalLocationExample" */;
			compatibilityVersion = "Xcode 14.0";
			developmentRegion = en;
			hasScannedForEncodings = 0;
			knownRegions = (
				en,
				Base,
			);
			mainGroup = 27CD9172293604A100100084;
			productRefGroup = 27CD917C293604A100100084 /* Products */;
			projectDirPath = "";
			projectRoot = "";
			targets = (
				27CD917A293604A100100084 /* UniversalLocationExample */,
			);
		};
/* End PBXProject section */

/* Begin PBXResourcesBuildPhase section */
		27CD9179293604A100100084 /* Resources */ = {
			isa = PBXResourcesBuildPhase;
			buildActionMask = 2147483647;
			files = (
				27CD918E293604A200100084 /* LaunchScreen.storyboard in Resources */,
				27CD918B293604A200100084 /* Assets.xcassets in Resources */,
				27CD9189293604A100100084 /* Main.storyboard in Resources */,
			);
			runOnlyForDeploymentPostprocessing = 0;
		};
/* End PBXResourcesBuildPhase section */

/* Begin PBXSourcesBuildPhase section */
		27CD9177293604A100100084 /* Sources */ = {
			isa = PBXSourcesBuildPhase;
			buildActionMask = 2147483647;
			files = (
				27CD9191293604A200100084 /* main.m in Sources */,
				27CD9183293604A100100084 /* SceneDelegate.m in Sources */,
				27CD919A293604D900100084 /* AppDelegate.mm in Sources */,
				27CD9198293604D100100084 /* ViewController.mm in Sources */,
			);
			runOnlyForDeploymentPostprocessing = 0;
		};
/* End PBXSourcesBuildPhase section */

/* Begin PBXVariantGroup section */
		27CD9187293604A100100084 /* Main.storyboard */ = {
			isa = PBXVariantGroup;
			children = (
				27CD9188293604A100100084 /* Base */,
			);
			name = Main.storyboard;
			sourceTree = "<group>";
		};
		27CD918C293604A200100084 /* LaunchScreen.storyboard */ = {
			isa = PBXVariantGroup;
			children = (
				27CD918D293604A200100084 /* Base */,
			);
			name = LaunchScreen.storyboard;
			sourceTree = "<group>";
		};
/* End PBXVariantGroup section */

/* Begin XCBuildConfiguration section */
		27CD9192293604A200100084 /* Debug */ = {
			isa = XCBuildConfiguration;
			buildSettings = {
				ALWAYS_SEARCH_USER_PATHS = NO;
				CLANG_ANALYZER_NONNULL = YES;
				CLANG_ANALYZER_NUMBER_OBJECT_CONVERSION = YES_AGGRESSIVE;
				CLANG_CXX_LANGUAGE_STANDARD = "gnu++20";
				CLANG_ENABLE_MODULES = YES;
				CLANG_ENABLE_OBJC_ARC = YES;
				CLANG_ENABLE_OBJC_WEAK = YES;
				CLANG_WARN_BLOCK_CAPTURE_AUTORELEASING = YES;
				CLANG_WARN_BOOL_CONVERSION = YES;
				CLANG_WARN_COMMA = YES;
				CLANG_WARN_CONSTANT_CONVERSION = YES;
				CLANG_WARN_DEPRECATED_OBJC_IMPLEMENTATIONS = YES;
				CLANG_WARN_DIRECT_OBJC_ISA_USAGE = YES_ERROR;
				CLANG_WARN_DOCUMENTATION_COMMENTS = YES;
				CLANG_WARN_EMPTY_BODY = YES;
				CLANG_WARN_ENUM_CONVERSION = YES;
				CLANG_WARN_INFINITE_RECURSION = YES;
				CLANG_WARN_INT_CONVERSION = YES;
				CLANG_WARN_NON_LITERAL_NULL_CONVERSION = YES;
				CLANG_WARN_OBJC_IMPLICIT_RETAIN_SELF = YES;
				CLANG_WARN_OBJC_LITERAL_CONVERSION = YES;
				CLANG_WARN_OBJC_ROOT_CLASS = YES_ERROR;
				CLANG_WARN_QUOTED_INCLUDE_IN_FRAMEWORK_HEADER = YES;
				CLANG_WARN_RANGE_LOOP_ANALYSIS = YES;
				CLANG_WARN_STRICT_PROTOTYPES = YES;
				CLANG_WARN_SUSPICIOUS_MOVE = YES;
				CLANG_WARN_UNGUARDED_AVAILABILITY = YES_AGGRESSIVE;
				CLANG_WARN_UNREACHABLE_CODE = YES;
				CLANG_WARN__DUPLICATE_METHOD_MATCH = YES;
				COPY_PHASE_STRIP = NO;
				DEBUG_INFORMATION_FORMAT = dwarf;
				ENABLE_STRICT_OBJC_MSGSEND = YES;
				ENABLE_TESTABILITY = YES;
				GCC_C_LANGUAGE_STANDARD = gnu11;
				GCC_DYNAMIC_NO_PIC = NO;
				GCC_NO_COMMON_BLOCKS = YES;
				GCC_OPTIMIZATION_LEVEL = 0;
				GCC_PREPROCESSOR_DEFINITIONS = (
					"DEBUG=1",
					"$(inherited)",
				);
				GCC_WARN_64_TO_32_BIT_CONVERSION = YES;
				GCC_WARN_ABOUT_RETURN_TYPE = YES_ERROR;
				GCC_WARN_UNDECLARED_SELECTOR = YES;
				GCC_WARN_UNINITIALIZED_AUTOS = YES_AGGRESSIVE;
				GCC_WARN_UNUSED_FUNCTION = YES;
				GCC_WARN_UNUSED_VARIABLE = YES;
				IPHONEOS_DEPLOYMENT_TARGET = 16.1;
				MTL_ENABLE_DEBUG_INFO = INCLUDE_SOURCE;
				MTL_FAST_MATH = YES;
				ONLY_ACTIVE_ARCH = YES;
				SDKROOT = iphoneos;
			};
			name = Debug;
		};
		27CD9193293604A200100084 /* Release */ = {
			isa = XCBuildConfiguration;
			buildSettings = {
				ALWAYS_SEARCH_USER_PATHS = NO;
				CLANG_ANALYZER_NONNULL = YES;
				CLANG_ANALYZER_NUMBER_OBJECT_CONVERSION = YES_AGGRESSIVE;
				CLANG_CXX_LANGUAGE_STANDARD = "gnu++20";
				CLANG_ENABLE_MODULES = YES;
				CLANG_ENABLE_OBJC_ARC = YES;
				CLANG_ENABLE_OBJC_WEAK = YES;
				CLANG_WARN_BLOCK_CAPTURE_AUTORELEASING = YES;
				CLANG_WARN_BOOL_CONVERSION = YES;
				CLANG_WARN_COMMA = YES;
				CLANG_WARN_CONSTANT_CONVERSION = YES;
				CLANG_WARN_DEPRECATED_OBJC_IMPLEMENTATIONS = YES;
				CLANG_WARN_DIRECT_OBJC_ISA_USAGE = YES_ERROR;
				CLANG_WARN_DOCUMENTATION_COMMENTS = YES;
				CLANG_WARN_EMPTY_BODY = YES;
				CLANG_WARN_ENUM_CONVERSION = YES;
				CLANG_WARN_INFINITE_RECURSION = YES;
				CLANG_WARN_INT_CONVERSION = YES;
				CLANG_WARN_NON_LITERAL_NULL_CONVERSION = YES;
				CLANG_WARN_OBJC_IMPLICIT_RETAIN_SELF = YES;
				CLANG_WARN_OBJC_LITERAL_CONVERSION = YES;
				CLANG_WARN_OBJC_ROOT_CLASS = YES_ERROR;
				CLANG_WARN_QUOTED_INCLUDE_IN_FRAMEWORK_HEADER = YES;
				CLANG_WARN_RANGE_LOOP_ANALYSIS = YES;
				CLANG_WARN_STRICT_PROTOTYPES = YES;
				CLANG_WARN_SUSPICIOUS_MOVE = YES;
				CLANG_WARN_UNGUARDED_AVAILABILITY = YES_AGGRESSIVE;
				CLANG_WARN_UNREACHABLE_CODE = YES;
				CLANG_WARN__DUPLICATE_METHOD_MATCH = YES;
				COPY_PHASE_STRIP = NO;
				DEBUG_INFORMATION_FORMAT = "dwarf-with-dsym";
				ENABLE_NS_ASSERTIONS = NO;
				ENABLE_STRICT_OBJC_MSGSEND = YES;
				GCC_C_LANGUAGE_STANDARD = gnu11;
				GCC_NO_COMMON_BLOCKS = YES;
				GCC_WARN_64_TO_32_BIT_CONVERSION = YES;
				GCC_WARN_ABOUT_RETURN_TYPE = YES_ERROR;
				GCC_WARN_UNDECLARED_SELECTOR = YES;
				GCC_WARN_UNINITIALIZED_AUTOS = YES_AGGRESSIVE;
				GCC_WARN_UNUSED_FUNCTION = YES;
				GCC_WARN_UNUSED_VARIABLE = YES;
				IPHONEOS_DEPLOYMENT_TARGET = 16.1;
				MTL_ENABLE_DEBUG_INFO = NO;
				MTL_FAST_MATH = YES;
				SDKROOT = iphoneos;
				VALIDATE_PRODUCT = YES;
			};
			name = Release;
		};
		27CD9195293604A200100084 /* Debug */ = {
			isa = XCBuildConfiguration;
			buildSettings = {
				ASSETCATALOG_COMPILER_APPICON_NAME = AppIcon;
				ASSETCATALOG_COMPILER_GLOBAL_ACCENT_COLOR_NAME = AccentColor;
				CODE_SIGN_STYLE = Automatic;
				CURRENT_PROJECT_VERSION = 1;
				DEVELOPMENT_TEAM = G232G724LJ;
				FRAMEWORK_SEARCH_PATHS = (
					"$(inherited)",
					"$(PROJECT_DIR)",
				);
				GENERATE_INFOPLIST_FILE = YES;
				INFOPLIST_FILE = UniversalLocationExample/Info.plist;
				INFOPLIST_KEY_NSBluetoothAlwaysUsageDescription = "I need bluetooth";
				INFOPLIST_KEY_NSLocationWhenInUseUsageDescription = "I need location";
				INFOPLIST_KEY_UIApplicationSupportsIndirectInputEvents = YES;
				INFOPLIST_KEY_UILaunchStoryboardName = LaunchScreen;
				INFOPLIST_KEY_UIMainStoryboardFile = Main;
				INFOPLIST_KEY_UISupportedInterfaceOrientations = UIInterfaceOrientationPortrait;
				INFOPLIST_KEY_UISupportedInterfaceOrientations_iPad = "UIInterfaceOrientationLandscapeLeft UIInterfaceOrientationLandscapeRight UIInterfaceOrientationPortrait UIInterfaceOrientationPortraitUpsideDown";
				LD_RUNPATH_SEARCH_PATHS = (
					"$(inherited)",
					"@executable_path/Frameworks",
				);
				MARKETING_VERSION = 1.0;
				PRODUCT_BUNDLE_IDENTIFIER = com.gipstech.UniversalLocationExample;
				PRODUCT_NAME = "$(TARGET_NAME)";
				SWIFT_EMIT_LOC_STRINGS = YES;
				TARGETED_DEVICE_FAMILY = "1,2";
			};
			name = Debug;
		};
		27CD9196293604A200100084 /* Release */ = {
			isa = XCBuildConfiguration;
			buildSettings = {
				ASSETCATALOG_COMPILER_APPICON_NAME = AppIcon;
				ASSETCATALOG_COMPILER_GLOBAL_ACCENT_COLOR_NAME = AccentColor;
				CODE_SIGN_STYLE = Automatic;
				CURRENT_PROJECT_VERSION = 1;
				DEVELOPMENT_TEAM = G232G724LJ;
				FRAMEWORK_SEARCH_PATHS = (
					"$(inherited)",
					"$(PROJECT_DIR)",
				);
				GENERATE_INFOPLIST_FILE = YES;
				INFOPLIST_FILE = UniversalLocationExample/Info.plist;
				INFOPLIST_KEY_NSBluetoothAlwaysUsageDescription = "I need bluetooth";
				INFOPLIST_KEY_NSLocationWhenInUseUsageDescription = "I need location";
				INFOPLIST_KEY_UIApplicationSupportsIndirectInputEvents = YES;
				INFOPLIST_KEY_UILaunchStoryboardName = LaunchScreen;
				INFOPLIST_KEY_UIMainStoryboardFile = Main;
				INFOPLIST_KEY_UISupportedInterfaceOrientations = UIInterfaceOrientationPortrait;
				INFOPLIST_KEY_UISupportedInterfaceOrientations_iPad = "UIInterfaceOrientationLandscapeLeft UIInterfaceOrientationLandscapeRight UIInterfaceOrientationPortrait UIInterfaceOrientationPortraitUpsideDown";
				LD_RUNPATH_SEARCH_PATHS = (
					"$(inherited)",
					"@executable_path/Frameworks",
				);
				MARKETING_VERSION = 1.0;
				PRODUCT_BUNDLE_IDENTIFIER = com.gipstech.UniversalLocationExample;
				PRODUCT_NAME = "$(TARGET_NAME)";
				SWIFT_EMIT_LOC_STRINGS = YES;
				TARGETED_DEVICE_FAMILY = "1,2";
			};
			name = Release;
		};
/* End XCBuildConfiguration section */

/* Begin XCConfigurationList section */
		27CD9176293604A100100084 /* Build configuration list for PBXProject "UniversalLocationExample" */ = {
			isa = XCConfigurationList;
			buildConfigurations = (
				27CD9192293604A200100084 /* Debug */,
				27CD9193293604A200100084 /* Release */,
			);
			defaultConfigurationIsVisible = 0;
			defaultConfigurationName = Release;
		};
		27CD9194293604A200100084 /* Build configuration list for PBXNativeTarget "UniversalLocationExample" */ = {
			isa = XCConfigurationList;
			buildConfigurations = (
				27CD9195293604A200100084 /* Debug */,
				27CD9196293604A200100084 /* Release */,
			);
			defaultConfigurationIsVisible = 0;
			defaultConfigurationName = Release;
		};
/* End XCConfigurationList section */
	};
	rootObject = 27CD9173293604A100100084 /* Project object */;
}
